
Microsoft Visual Studio Solution File, Format Version 12.00
# Visual Studio Version 16
VisualStudioVersion = 16.0.30002.166
MinimumVisualStudioVersion = 10.0.40219.1
Project("{FAE04EC0-301F-11D3-BF4B-00C04F79EFBC}") = "eShopsolution.WebApp", "eShopsolution.WebApp\eShopsolution.WebApp.csproj", "{A09DA408-B407-4BFC-8795-C5B3D6772835}"
EndProject
Global
	GlobalSection(SolutionConfigurationPlatforms) = preSolution
		Debug|Any CPU = Debug|Any CPU
		Release|Any CPU = Release|Any CPU
	EndGlobalSection
	GlobalSection(ProjectConfigurationPlatforms) = postSolution
		{A09DA408-B407-4BFC-8795-C5B3D6772835}.Debug|Any CPU.ActiveCfg = Debug|Any CPU
		{A09DA408-B407-4BFC-8795-C5B3D6772835}.Debug|Any CPU.Build.0 = Debug|Any CPU
		{A09DA408-B407-4BFC-8795-C5B3D6772835}.Release|Any CPU.ActiveCfg = Release|Any CPU
		{A09DA408-B407-4BFC-8795-C5B3D6772835}.Release|Any CPU.Build.0 = Release|Any CPU
	EndGlobalSection
	GlobalSection(SolutionProperties) = preSolution
		HideSolutionNode = FALSE
	EndGlobalSection
	GlobalSection(ExtensibilityGlobals) = postSolution
		SolutionGuid = {1E6C9922-9228-40F2-B234-263BBE8A0618}
	EndGlobalSection
EndGlobal
